
Microsoft Visual Studio Solution File, Format Version 12.00
# Visual Studio 14
VisualStudioVersion = 14.0.25420.1
MinimumVisualStudioVersion = 10.0.40219.1
Project("{FAE04EC0-301F-11D3-BF4B-00C04F79EFBC}") = "StarFinder", "Dependencies\StarFinder\StarFinder.csproj", "{3785DF4D-65EF-40E4-9177-2A8B396AFB0C}"
EndProject
Project("{2150E333-8FDC-42A3-9474-1A3956D46DE8}") = "Tests", "Tests", "{4B3B21EA-0DD4-4207-AD01-C39116AB7E9F}"
EndProject
Project("{FAE04EC0-301F-11D3-BF4B-00C04F79EFBC}") = "StarFinder.Test", "Tests\StarFinder.Test\StarFinder.Test.csproj", "{9DBF20E7-65F4-405E-B7C6-C51B4AC55C74}"
EndProject
Project("{2150E333-8FDC-42A3-9474-1A3956D46DE8}") = "Dependencies", "Dependencies", "{592CAE4F-81B6-4CAD-88EF-0BEDC14BA608}"
EndProject
Project("{FAE04EC0-301F-11D3-BF4B-00C04F79EFBC}") = "STACK", "STACK\STACK.csproj", "{BDD5E5DF-A2F6-44FC-A44B-33488BA054BB}"
EndProject
Project("{FAE04EC0-301F-11D3-BF4B-00C04F79EFBC}") = "STACK.Functional.Test", "Tests\STACK.Functional.Test\STACK.Functional.Test.csproj", "{3A51DC2A-F6E9-446C-909E-3B914EAABF9F}"
EndProject
Project("{FAE04EC0-301F-11D3-BF4B-00C04F79EFBC}") = "STACK.Test", "Tests\STACK.Test\STACK.Test.csproj", "{FD688A52-24DD-4EC8-B902-BEBD68EA69B8}"
EndProject
Project("{FAE04EC0-301F-11D3-BF4B-00C04F79EFBC}") = "spine-csharp", "Dependencies\Spine\spine-csharp\spine-csharp.csproj", "{94144E22-2431-4A8F-AC04-DEC22F7EDD8F}"
EndProject
Project("{FAE04EC0-301F-11D3-BF4B-00C04F79EFBC}") = "spine-xna", "Dependencies\Spine\spine-xna\spine-xna.csproj", "{7F8F2327-C016-49C8-BB4D-F3F77971961E}"
EndProject
Project("{2150E333-8FDC-42A3-9474-1A3956D46DE8}") = "Playground", "Playground", "{19CE974F-5AA1-403B-96A0-32451838B694}"
EndProject
Project("{FAE04EC0-301F-11D3-BF4B-00C04F79EFBC}") = "Actor", "Playground\Actor\Actor.csproj", "{0111F7BB-9C01-41E8-8279-777C6FD51708}"
EndProject
Project("{FAE04EC0-301F-11D3-BF4B-00C04F79EFBC}") = "PathFinding", "Playground\PathFinding\PathFinding.csproj", "{0111F7BB-9C01-41E8-8279-777C6FD51709}"
EndProject
Project("{2150E333-8FDC-42A3-9474-1A3956D46DE8}") = "Tools", "Tools", "{786F5DA5-886F-409B-B7C0-C8548A527126}"
EndProject
Project("{FAE04EC0-301F-11D3-BF4B-00C04F79EFBC}") = "ContentAnalyzer", "Tools\ContentAnalyzer\ContentAnalyzer.csproj", "{A72AE2E9-8318-4DDC-AE53-D868C1B77BE6}"
EndProject
Project("{FAE04EC0-301F-11D3-BF4B-00C04F79EFBC}") = "ContentAnalyzer.Test", "Tests\ContentAnalyzer.Test\ContentAnalyzer.Test.csproj", "{AB1A24A6-8C0A-4E1A-85B8-8BDFBDA82391}"
EndProject
Project("{FAE04EC0-301F-11D3-BF4B-00C04F79EFBC}") = "STACK.Spine.Integration", "Dependencies\STACK.Spine.Integration\STACK.Spine.Integration.csproj", "{759834FA-093E-4142-B67E-716DE22157DB}"
EndProject
Project("{FAE04EC0-301F-11D3-BF4B-00C04F79EFBC}") = "FNA", "Dependencies\Neoforce\FNA\FNA.csproj", "{35253CE1-C864-4CD3-8249-4D1319748E8F}"
EndProject
Project("{FAE04EC0-301F-11D3-BF4B-00C04F79EFBC}") = "TomShane.Neoforce.Controls", "Dependencies\Neoforce\Neoforce\TomShane.Neoforce.Controls.csproj", "{AC5F1CD8-AA8E-4DB5-814F-86C214175841}"
EndProject
Global
	GlobalSection(SolutionConfigurationPlatforms) = preSolution
		Debug|x86 = Debug|x86
		Release|x86 = Release|x86
	EndGlobalSection
	GlobalSection(ProjectConfigurationPlatforms) = postSolution
		{3785DF4D-65EF-40E4-9177-2A8B396AFB0C}.Debug|x86.ActiveCfg = Debug|Any CPU
		{3785DF4D-65EF-40E4-9177-2A8B396AFB0C}.Debug|x86.Build.0 = Debug|Any CPU
		{3785DF4D-65EF-40E4-9177-2A8B396AFB0C}.Release|x86.ActiveCfg = Release|Any CPU
		{3785DF4D-65EF-40E4-9177-2A8B396AFB0C}.Release|x86.Build.0 = Release|Any CPU
		{9DBF20E7-65F4-405E-B7C6-C51B4AC55C74}.Debug|x86.ActiveCfg = Debug|Any CPU
		{9DBF20E7-65F4-405E-B7C6-C51B4AC55C74}.Debug|x86.Build.0 = Debug|Any CPU
		{9DBF20E7-65F4-405E-B7C6-C51B4AC55C74}.Release|x86.ActiveCfg = Release|Any CPU
		{9DBF20E7-65F4-405E-B7C6-C51B4AC55C74}.Release|x86.Build.0 = Release|Any CPU
		{BDD5E5DF-A2F6-44FC-A44B-33488BA054BB}.Debug|x86.ActiveCfg = Debug|Any CPU
		{BDD5E5DF-A2F6-44FC-A44B-33488BA054BB}.Debug|x86.Build.0 = Debug|Any CPU
		{BDD5E5DF-A2F6-44FC-A44B-33488BA054BB}.Release|x86.ActiveCfg = Release|Any CPU
		{BDD5E5DF-A2F6-44FC-A44B-33488BA054BB}.Release|x86.Build.0 = Release|Any CPU
		{3A51DC2A-F6E9-446C-909E-3B914EAABF9F}.Debug|x86.ActiveCfg = Debug|Any CPU
		{3A51DC2A-F6E9-446C-909E-3B914EAABF9F}.Debug|x86.Build.0 = Debug|Any CPU
		{3A51DC2A-F6E9-446C-909E-3B914EAABF9F}.Release|x86.ActiveCfg = Release|Any CPU
		{3A51DC2A-F6E9-446C-909E-3B914EAABF9F}.Release|x86.Build.0 = Release|Any CPU
		{FD688A52-24DD-4EC8-B902-BEBD68EA69B8}.Debug|x86.ActiveCfg = Debug|Any CPU
		{FD688A52-24DD-4EC8-B902-BEBD68EA69B8}.Debug|x86.Build.0 = Debug|Any CPU
		{FD688A52-24DD-4EC8-B902-BEBD68EA69B8}.Release|x86.ActiveCfg = Release|Any CPU
		{FD688A52-24DD-4EC8-B902-BEBD68EA69B8}.Release|x86.Build.0 = Release|Any CPU
		{94144E22-2431-4A8F-AC04-DEC22F7EDD8F}.Debug|x86.ActiveCfg = Debug|Any CPU
		{94144E22-2431-4A8F-AC04-DEC22F7EDD8F}.Debug|x86.Build.0 = Debug|Any CPU
		{94144E22-2431-4A8F-AC04-DEC22F7EDD8F}.Release|x86.ActiveCfg = Release|Any CPU
		{94144E22-2431-4A8F-AC04-DEC22F7EDD8F}.Release|x86.Build.0 = Release|Any CPU
		{7F8F2327-C016-49C8-BB4D-F3F77971961E}.Debug|x86.ActiveCfg = Debug|x86
		{7F8F2327-C016-49C8-BB4D-F3F77971961E}.Debug|x86.Build.0 = Debug|x86
		{7F8F2327-C016-49C8-BB4D-F3F77971961E}.Release|x86.ActiveCfg = Release|x86
		{7F8F2327-C016-49C8-BB4D-F3F77971961E}.Release|x86.Build.0 = Release|x86
		{0111F7BB-9C01-41E8-8279-777C6FD51708}.Debug|x86.ActiveCfg = Debug|Any CPU
		{0111F7BB-9C01-41E8-8279-777C6FD51708}.Debug|x86.Build.0 = Debug|Any CPU
		{0111F7BB-9C01-41E8-8279-777C6FD51708}.Release|x86.ActiveCfg = Release|Any CPU
		{0111F7BB-9C01-41E8-8279-777C6FD51708}.Release|x86.Build.0 = Release|Any CPU
		{0111F7BB-9C01-41E8-8279-777C6FD51709}.Debug|x86.ActiveCfg = Debug|Any CPU
		{0111F7BB-9C01-41E8-8279-777C6FD51709}.Debug|x86.Build.0 = Debug|Any CPU
		{0111F7BB-9C01-41E8-8279-777C6FD51709}.Release|x86.ActiveCfg = Release|Any CPU
		{0111F7BB-9C01-41E8-8279-777C6FD51709}.Release|x86.Build.0 = Release|Any CPU
		{A72AE2E9-8318-4DDC-AE53-D868C1B77BE6}.Debug|x86.ActiveCfg = Debug|Any CPU
		{A72AE2E9-8318-4DDC-AE53-D868C1B77BE6}.Debug|x86.Build.0 = Debug|Any CPU
		{A72AE2E9-8318-4DDC-AE53-D868C1B77BE6}.Release|x86.ActiveCfg = Release|Any CPU
		{A72AE2E9-8318-4DDC-AE53-D868C1B77BE6}.Release|x86.Build.0 = Release|Any CPU
		{AB1A24A6-8C0A-4E1A-85B8-8BDFBDA82391}.Debug|x86.ActiveCfg = Debug|Any CPU
		{AB1A24A6-8C0A-4E1A-85B8-8BDFBDA82391}.Debug|x86.Build.0 = Debug|Any CPU
		{AB1A24A6-8C0A-4E1A-85B8-8BDFBDA82391}.Release|x86.ActiveCfg = Release|Any CPU
		{AB1A24A6-8C0A-4E1A-85B8-8BDFBDA82391}.Release|x86.Build.0 = Release|Any CPU
		{759834FA-093E-4142-B67E-716DE22157DB}.Debug|x86.ActiveCfg = Debug|Any CPU
		{759834FA-093E-4142-B67E-716DE22157DB}.Debug|x86.Build.0 = Debug|Any CPU
		{759834FA-093E-4142-B67E-716DE22157DB}.Release|x86.ActiveCfg = Release|Any CPU
		{759834FA-093E-4142-B67E-716DE22157DB}.Release|x86.Build.0 = Release|Any CPU
		{35253CE1-C864-4CD3-8249-4D1319748E8F}.Debug|x86.ActiveCfg = Debug|x86
		{35253CE1-C864-4CD3-8249-4D1319748E8F}.Debug|x86.Build.0 = Debug|x86
		{35253CE1-C864-4CD3-8249-4D1319748E8F}.Release|x86.ActiveCfg = Release|x86
		{35253CE1-C864-4CD3-8249-4D1319748E8F}.Release|x86.Build.0 = Release|x86
		{AC5F1CD8-AA8E-4DB5-814F-86C214175841}.Debug|x86.ActiveCfg = Debug|Any CPU
		{AC5F1CD8-AA8E-4DB5-814F-86C214175841}.Debug|x86.Build.0 = Debug|Any CPU
		{AC5F1CD8-AA8E-4DB5-814F-86C214175841}.Release|x86.ActiveCfg = Release|Any CPU
		{AC5F1CD8-AA8E-4DB5-814F-86C214175841}.Release|x86.Build.0 = Release|Any CPU
	EndGlobalSection
	GlobalSection(SolutionProperties) = preSolution
		HideSolutionNode = FALSE
	EndGlobalSection
	GlobalSection(NestedProjects) = preSolution
		{3785DF4D-65EF-40E4-9177-2A8B396AFB0C} = {592CAE4F-81B6-4CAD-88EF-0BEDC14BA608}
		{9DBF20E7-65F4-405E-B7C6-C51B4AC55C74} = {4B3B21EA-0DD4-4207-AD01-C39116AB7E9F}
		{3A51DC2A-F6E9-446C-909E-3B914EAABF9F} = {4B3B21EA-0DD4-4207-AD01-C39116AB7E9F}
		{FD688A52-24DD-4EC8-B902-BEBD68EA69B8} = {4B3B21EA-0DD4-4207-AD01-C39116AB7E9F}
		{94144E22-2431-4A8F-AC04-DEC22F7EDD8F} = {592CAE4F-81B6-4CAD-88EF-0BEDC14BA608}
		{7F8F2327-C016-49C8-BB4D-F3F77971961E} = {592CAE4F-81B6-4CAD-88EF-0BEDC14BA608}
		{0111F7BB-9C01-41E8-8279-777C6FD51708} = {19CE974F-5AA1-403B-96A0-32451838B694}
		{0111F7BB-9C01-41E8-8279-777C6FD51709} = {19CE974F-5AA1-403B-96A0-32451838B694}
		{A72AE2E9-8318-4DDC-AE53-D868C1B77BE6} = {786F5DA5-886F-409B-B7C0-C8548A527126}
		{AB1A24A6-8C0A-4E1A-85B8-8BDFBDA82391} = {4B3B21EA-0DD4-4207-AD01-C39116AB7E9F}
		{759834FA-093E-4142-B67E-716DE22157DB} = {592CAE4F-81B6-4CAD-88EF-0BEDC14BA608}
		{35253CE1-C864-4CD3-8249-4D1319748E8F} = {592CAE4F-81B6-4CAD-88EF-0BEDC14BA608}
		{AC5F1CD8-AA8E-4DB5-814F-86C214175841} = {592CAE4F-81B6-4CAD-88EF-0BEDC14BA608}
	EndGlobalSection
EndGlobal
